
Microsoft Visual Studio Solution File, Format Version 12.00
# Visual Studio Version 16
VisualStudioVersion = 16.0.28922.388
MinimumVisualStudioVersion = 10.0.40219.1
Project("{2150E333-8FDC-42A3-9474-1A3956D46DE8}") = "CPN.Application", "CPN.Application", "{F5743D04-BD24-440D-91AA-E7D783168616}"
EndProject
Project("{2150E333-8FDC-42A3-9474-1A3956D46DE8}") = "CPN.Infra.IoC", "CPN.Infra.IoC", "{A79D7772-9FBE-44E3-BBD7-046E18ED0BC6}"
EndProject
Project("{2150E333-8FDC-42A3-9474-1A3956D46DE8}") = "CPN.Infra.Data", "CPN.Infra.Data", "{10F0F718-075D-49F1-82ED-3A6A39E3D3CE}"
EndProject
Project("{2150E333-8FDC-42A3-9474-1A3956D46DE8}") = "CPN.UI", "CPN.UI", "{005BEB7D-D7E6-4267-8D47-C2F22D7D8740}"
EndProject
Project("{2150E333-8FDC-42A3-9474-1A3956D46DE8}") = "CPN.Domain", "CPN.Domain", "{1618D82D-FDD2-4F66-9F90-63DEA66B93FD}"
EndProject
Project("{9A19103F-16F7-4668-BE54-9A1E7A4F7556}") = "CPN.Application", "CPN.Application\CPN.Application.csproj", "{E675A319-1C07-4986-A421-C5F8798B0BF4}"
EndProject
Project("{9A19103F-16F7-4668-BE54-9A1E7A4F7556}") = "CPN.Domain", "CPN.Domain\CPN.Domain.csproj", "{A386E518-8CF4-4CBE-8A3C-500CBAA55A17}"
EndProject
Project("{9A19103F-16F7-4668-BE54-9A1E7A4F7556}") = "CPN.Infra.Data", "CPN.Infra.Data\CPN.Infra.Data.csproj", "{8DD1F837-6320-4415-9ED6-7ACBF1914023}"
EndProject
Project("{9A19103F-16F7-4668-BE54-9A1E7A4F7556}") = "CPN.Infra.IoC", "CPN.Infra.IoC\CPN.Infra.IoC.csproj", "{DDB0A6E0-9A1C-407B-8B84-C8959DCEFC34}"
EndProject
Project("{9A19103F-16F7-4668-BE54-9A1E7A4F7556}") = "CPN.UI.WebAPI", "CPN.UI\CPN.UI.WebAPI\CPN.UI.WebAPI.csproj", "{4E523BB9-5274-4C69-AC93-DEEB3106A543}"
EndProject
Global
	GlobalSection(SolutionConfigurationPlatforms) = preSolution
		Debug|Any CPU = Debug|Any CPU
		Release|Any CPU = Release|Any CPU
	EndGlobalSection
	GlobalSection(ProjectConfigurationPlatforms) = postSolution
		{E675A319-1C07-4986-A421-C5F8798B0BF4}.Debug|Any CPU.ActiveCfg = Debug|Any CPU
		{E675A319-1C07-4986-A421-C5F8798B0BF4}.Debug|Any CPU.Build.0 = Debug|Any CPU
		{E675A319-1C07-4986-A421-C5F8798B0BF4}.Release|Any CPU.ActiveCfg = Release|Any CPU
		{E675A319-1C07-4986-A421-C5F8798B0BF4}.Release|Any CPU.Build.0 = Release|Any CPU
		{A386E518-8CF4-4CBE-8A3C-500CBAA55A17}.Debug|Any CPU.ActiveCfg = Debug|Any CPU
		{A386E518-8CF4-4CBE-8A3C-500CBAA55A17}.Debug|Any CPU.Build.0 = Debug|Any CPU
		{A386E518-8CF4-4CBE-8A3C-500CBAA55A17}.Release|Any CPU.ActiveCfg = Release|Any CPU
		{A386E518-8CF4-4CBE-8A3C-500CBAA55A17}.Release|Any CPU.Build.0 = Release|Any CPU
		{8DD1F837-6320-4415-9ED6-7ACBF1914023}.Debug|Any CPU.ActiveCfg = Debug|Any CPU
		{8DD1F837-6320-4415-9ED6-7ACBF1914023}.Debug|Any CPU.Build.0 = Debug|Any CPU
		{8DD1F837-6320-4415-9ED6-7ACBF1914023}.Release|Any CPU.ActiveCfg = Release|Any CPU
		{8DD1F837-6320-4415-9ED6-7ACBF1914023}.Release|Any CPU.Build.0 = Release|Any CPU
		{DDB0A6E0-9A1C-407B-8B84-C8959DCEFC34}.Debug|Any CPU.ActiveCfg = Debug|Any CPU
		{DDB0A6E0-9A1C-407B-8B84-C8959DCEFC34}.Debug|Any CPU.Build.0 = Debug|Any CPU
		{DDB0A6E0-9A1C-407B-8B84-C8959DCEFC34}.Release|Any CPU.ActiveCfg = Release|Any CPU
		{DDB0A6E0-9A1C-407B-8B84-C8959DCEFC34}.Release|Any CPU.Build.0 = Release|Any CPU
		{4E523BB9-5274-4C69-AC93-DEEB3106A543}.Debug|Any CPU.ActiveCfg = Debug|Any CPU
		{4E523BB9-5274-4C69-AC93-DEEB3106A543}.Debug|Any CPU.Build.0 = Debug|Any CPU
		{4E523BB9-5274-4C69-AC93-DEEB3106A543}.Release|Any CPU.ActiveCfg = Release|Any CPU
		{4E523BB9-5274-4C69-AC93-DEEB3106A543}.Release|Any CPU.Build.0 = Release|Any CPU
	EndGlobalSection
	GlobalSection(SolutionProperties) = preSolution
		HideSolutionNode = FALSE
	EndGlobalSection
	GlobalSection(NestedProjects) = preSolution
		{E675A319-1C07-4986-A421-C5F8798B0BF4} = {F5743D04-BD24-440D-91AA-E7D783168616}
		{A386E518-8CF4-4CBE-8A3C-500CBAA55A17} = {1618D82D-FDD2-4F66-9F90-63DEA66B93FD}
		{8DD1F837-6320-4415-9ED6-7ACBF1914023} = {10F0F718-075D-49F1-82ED-3A6A39E3D3CE}
		{DDB0A6E0-9A1C-407B-8B84-C8959DCEFC34} = {A79D7772-9FBE-44E3-BBD7-046E18ED0BC6}
		{4E523BB9-5274-4C69-AC93-DEEB3106A543} = {005BEB7D-D7E6-4267-8D47-C2F22D7D8740}
	EndGlobalSection
	GlobalSection(ExtensibilityGlobals) = postSolution
		SolutionGuid = {094EBAAA-6048-4F37-9191-E233631168F8}
	EndGlobalSection
EndGlobal
